// !$*UTF8*$!
{
	archiveVersion = 1;
	classes = {
	};
	objectVersion = 50;
	objects = {

/* Begin PBXBuildFile section */
		61A1E2A22B2D07608DE8DE88 /* Pods_Safe_Heart.framework in Frameworks */ = {isa = PBXBuildFile; fileRef = C01A1C71B46E00495365716D /* Pods_Safe_Heart.framework */; };
		721B9A99214AA5C4009D0075 /* AppDelegate.swift in Sources */ = {isa = PBXBuildFile; fileRef = 721B9A98214AA5C4009D0075 /* AppDelegate.swift */; };
		721B9A9B214AA5C4009D0075 /* ViewController.swift in Sources */ = {isa = PBXBuildFile; fileRef = 721B9A9A214AA5C4009D0075 /* ViewController.swift */; };
		721B9A9E214AA5C4009D0075 /* Main.storyboard in Resources */ = {isa = PBXBuildFile; fileRef = 721B9A9C214AA5C4009D0075 /* Main.storyboard */; };
		721B9AA0214AA5C5009D0075 /* Assets.xcassets in Resources */ = {isa = PBXBuildFile; fileRef = 721B9A9F214AA5C5009D0075 /* Assets.xcassets */; };
		721B9AA3214AA5C5009D0075 /* LaunchScreen.storyboard in Resources */ = {isa = PBXBuildFile; fileRef = 721B9AA1214AA5C5009D0075 /* LaunchScreen.storyboard */; };
		721B9AAB214AA5D5009D0075 /* GoogleService-Info.plist in Resources */ = {isa = PBXBuildFile; fileRef = 721B9AAA214AA5D5009D0075 /* GoogleService-Info.plist */; };
/* End PBXBuildFile section */

/* Begin PBXFileReference section */
		721B9A95214AA5C4009D0075 /* Safe-Heart.app */ = {isa = PBXFileReference; explicitFileType = wrapper.application; includeInIndex = 0; path = "Safe-Heart.app"; sourceTree = BUILT_PRODUCTS_DIR; };
		721B9A98214AA5C4009D0075 /* AppDelegate.swift */ = {isa = PBXFileReference; lastKnownFileType = sourcecode.swift; path = AppDelegate.swift; sourceTree = "<group>"; };
		721B9A9A214AA5C4009D0075 /* ViewController.swift */ = {isa = PBXFileReference; lastKnownFileType = sourcecode.swift; path = ViewController.swift; sourceTree = "<group>"; };
		721B9A9D214AA5C4009D0075 /* Base */ = {isa = PBXFileReference; lastKnownFileType = file.storyboard; name = Base; path = Base.lproj/Main.storyboard; sourceTree = "<group>"; };
		721B9A9F214AA5C5009D0075 /* Assets.xcassets */ = {isa = PBXFileReference; lastKnownFileType = folder.assetcatalog; path = Assets.xcassets; sourceTree = "<group>"; };
		721B9AA2214AA5C5009D0075 /* Base */ = {isa = PBXFileReference; lastKnownFileType = file.storyboard; name = Base; path = Base.lproj/LaunchScreen.storyboard; sourceTree = "<group>"; };
		721B9AA4214AA5C5009D0075 /* Info.plist */ = {isa = PBXFileReference; lastKnownFileType = text.plist.xml; path = Info.plist; sourceTree = "<group>"; };
		721B9AAA214AA5D5009D0075 /* GoogleService-Info.plist */ = {isa = PBXFileReference; fileEncoding = 4; lastKnownFileType = text.plist.xml; path = "GoogleService-Info.plist"; sourceTree = "<group>"; };
		902DD1641A8A0D1B7F7F1AC7 /* Pods-Safe-Heart.debug.xcconfig */ = {isa = PBXFileReference; includeInIndex = 1; lastKnownFileType = text.xcconfig; name = "Pods-Safe-Heart.debug.xcconfig"; path = "Pods/Target Support Files/Pods-Safe-Heart/Pods-Safe-Heart.debug.xcconfig"; sourceTree = "<group>"; };
		C01A1C71B46E00495365716D /* Pods_Safe_Heart.framework */ = {isa = PBXFileReference; explicitFileType = wrapper.framework; includeInIndex = 0; path = Pods_Safe_Heart.framework; sourceTree = BUILT_PRODUCTS_DIR; };
		C452A48207F6C5858E44B024 /* Pods-Safe-Heart.release.xcconfig */ = {isa = PBXFileReference; includeInIndex = 1; lastKnownFileType = text.xcconfig; name = "Pods-Safe-Heart.release.xcconfig"; path = "Pods/Target Support Files/Pods-Safe-Heart/Pods-Safe-Heart.release.xcconfig"; sourceTree = "<group>"; };
/* End PBXFileReference section */

/* Begin PBXFrameworksBuildPhase section */
		721B9A92214AA5C4009D0075 /* Frameworks */ = {
			isa = PBXFrameworksBuildPhase;
			buildActionMask = 2147483647;
			files = (
				61A1E2A22B2D07608DE8DE88 /* Pods_Safe_Heart.framework in Frameworks */,
			);
			runOnlyForDeploymentPostprocessing = 0;
		};
/* End PBXFrameworksBuildPhase section */

/* Begin PBXGroup section */
		19FAEF70BC9A4D8E2FC60C7B /* Frameworks */ = {
			isa = PBXGroup;
			children = (
				C01A1C71B46E00495365716D /* Pods_Safe_Heart.framework */,
			);
			name = Frameworks;
			sourceTree = "<group>";
		};
		721B9A8C214AA5C4009D0075 = {
			isa = PBXGroup;
			children = (
				721B9A97214AA5C4009D0075 /* Safe-Heart */,
				721B9A96214AA5C4009D0075 /* Products */,
				E810F106B863008D720840F2 /* Pods */,
				19FAEF70BC9A4D8E2FC60C7B /* Frameworks */,
			);
			sourceTree = "<group>";
		};
		721B9A96214AA5C4009D0075 /* Products */ = {
			isa = PBXGroup;
			children = (
				721B9A95214AA5C4009D0075 /* Safe-Heart.app */,
			);
			name = Products;
			sourceTree = "<group>";
		};
		721B9A97214AA5C4009D0075 /* Safe-Heart */ = {
			isa = PBXGroup;
			children = (
				721B9A98214AA5C4009D0075 /* AppDelegate.swift */,
				721B9A9A214AA5C4009D0075 /* ViewController.swift */,
				721B9A9C214AA5C4009D0075 /* Main.storyboard */,
				721B9A9F214AA5C5009D0075 /* Assets.xcassets */,
				721B9AA1214AA5C5009D0075 /* LaunchScreen.storyboard */,
				721B9AA4214AA5C5009D0075 /* Info.plist */,
				721B9AAA214AA5D5009D0075 /* GoogleService-Info.plist */,
			);
			path = "Safe-Heart";
			sourceTree = "<group>";
		};
		E810F106B863008D720840F2 /* Pods */ = {
			isa = PBXGroup;
			children = (
				902DD1641A8A0D1B7F7F1AC7 /* Pods-Safe-Heart.debug.xcconfig */,
				C452A48207F6C5858E44B024 /* Pods-Safe-Heart.release.xcconfig */,
			);
			name = Pods;
			sourceTree = "<group>";
		};
/* End PBXGroup section */

/* Begin PBXNativeTarget section */
		721B9A94214AA5C4009D0075 /* Safe-Heart */ = {
			isa = PBXNativeTarget;
			buildConfigurationList = 721B9AA7214AA5C5009D0075 /* Build configuration list for PBXNativeTarget "Safe-Heart" */;
			buildPhases = (
				1DA58A6176B5CE9CD6D2A109 /* [CP] Check Pods Manifest.lock */,
				721B9A91214AA5C4009D0075 /* Sources */,
				721B9A92214AA5C4009D0075 /* Frameworks */,
				721B9A93214AA5C4009D0075 /* Resources */,
				3ED6D83BF720C5D70544E306 /* [CP] Embed Pods Frameworks */,
			);
			buildRules = (
			);
			dependencies = (
			);
			name = "Safe-Heart";
			productName = "Safe-Heart";
			productReference = 721B9A95214AA5C4009D0075 /* Safe-Heart.app */;
			productType = "com.apple.product-type.application";
		};
/* End PBXNativeTarget section */

/* Begin PBXProject section */
		721B9A8D214AA5C4009D0075 /* Project object */ = {
			isa = PBXProject;
			attributes = {
				LastSwiftUpdateCheck = 0940;
				LastUpgradeCheck = 0940;
				ORGANIZATIONNAME = newton;
				TargetAttributes = {
					721B9A94214AA5C4009D0075 = {
						CreatedOnToolsVersion = 9.4.1;
					};
				};
			};
			buildConfigurationList = 721B9A90214AA5C4009D0075 /* Build configuration list for PBXProject "Safe-Heart" */;
			compatibilityVersion = "Xcode 9.3";
			developmentRegion = en;
			hasScannedForEncodings = 0;
			knownRegions = (
				en,
				Base,
			);
			mainGroup = 721B9A8C214AA5C4009D0075;
			productRefGroup = 721B9A96214AA5C4009D0075 /* Products */;
			projectDirPath = "";
			projectRoot = "";
			targets = (
				721B9A94214AA5C4009D0075 /* Safe-Heart */,
			);
		};
/* End PBXProject section */

/* Begin PBXResourcesBuildPhase section */
		721B9A93214AA5C4009D0075 /* Resources */ = {
			isa = PBXResourcesBuildPhase;
			buildActionMask = 2147483647;
			files = (
				721B9AA3214AA5C5009D0075 /* LaunchScreen.storyboard in Resources */,
				721B9AAB214AA5D5009D0075 /* GoogleService-Info.plist in Resources */,
				721B9AA0214AA5C5009D0075 /* Assets.xcassets in Resources */,
				721B9A9E214AA5C4009D0075 /* Main.storyboard in Resources */,
			);
			runOnlyForDeploymentPostprocessing = 0;
		};
/* End PBXResourcesBuildPhase section */

/* Begin PBXShellScriptBuildPhase section */
		1DA58A6176B5CE9CD6D2A109 /* [CP] Check Pods Manifest.lock */ = {
			isa = PBXShellScriptBuildPhase;
			buildActionMask = 2147483647;
			files = (
			);
			inputFileListPaths = (
			);
			inputPaths = (
				"${PODS_PODFILE_DIR_PATH}/Podfile.lock",
				"${PODS_ROOT}/Manifest.lock",
			);
			name = "[CP] Check Pods Manifest.lock";
			outputFileListPaths = (
			);
			outputPaths = (
				"$(DERIVED_FILE_DIR)/Pods-Safe-Heart-checkManifestLockResult.txt",
			);
			runOnlyForDeploymentPostprocessing = 0;
			shellPath = /bin/sh;
			shellScript = "diff \"${PODS_PODFILE_DIR_PATH}/Podfile.lock\" \"${PODS_ROOT}/Manifest.lock\" > /dev/null\nif [ $? != 0 ] ; then\n    # print error to STDERR\n    echo \"error: The sandbox is not in sync with the Podfile.lock. Run 'pod install' or update your CocoaPods installation.\" >&2\n    exit 1\nfi\n# This output is used by Xcode 'outputs' to avoid re-running this script phase.\necho \"SUCCESS\" > \"${SCRIPT_OUTPUT_FILE_0}\"\n";
			showEnvVarsInLog = 0;
		};
		3ED6D83BF720C5D70544E306 /* [CP] Embed Pods Frameworks */ = {
			isa = PBXShellScriptBuildPhase;
			buildActionMask = 2147483647;
			files = (
			);
			inputFileListPaths = (
			);
			inputPaths = (
				"${SRCROOT}/Pods/Target Support Files/Pods-Safe-Heart/Pods-Safe-Heart-frameworks.sh",
				"${BUILT_PRODUCTS_DIR}/GoogleUtilities/GoogleUtilities.framework",
				"${BUILT_PRODUCTS_DIR}/leveldb-library/leveldb.framework",
				"${BUILT_PRODUCTS_DIR}/nanopb/nanopb.framework",
			);
			name = "[CP] Embed Pods Frameworks";
			outputFileListPaths = (
			);
			outputPaths = (
				"${TARGET_BUILD_DIR}/${FRAMEWORKS_FOLDER_PATH}/GoogleUtilities.framework",
				"${TARGET_BUILD_DIR}/${FRAMEWORKS_FOLDER_PATH}/leveldb.framework",
				"${TARGET_BUILD_DIR}/${FRAMEWORKS_FOLDER_PATH}/nanopb.framework",
			);
			runOnlyForDeploymentPostprocessing = 0;
			shellPath = /bin/sh;
			shellScript = "\"${SRCROOT}/Pods/Target Support Files/Pods-Safe-Heart/Pods-Safe-Heart-frameworks.sh\"\n";
			showEnvVarsInLog = 0;
		};
/* End PBXShellScriptBuildPhase section */

/* Begin PBXSourcesBuildPhase section */
		721B9A91214AA5C4009D0075 /* Sources */ = {
			isa = PBXSourcesBuildPhase;
			buildActionMask = 2147483647;
			files = (
				721B9A9B214AA5C4009D0075 /* ViewController.swift in Sources */,
				721B9A99214AA5C4009D0075 /* AppDelegate.swift in Sources */,
			);
			runOnlyForDeploymentPostprocessing = 0;
		};
/* End PBXSourcesBuildPhase section */

/* Begin PBXVariantGroup section */
		721B9A9C214AA5C4009D0075 /* Main.storyboard */ = {
			isa = PBXVariantGroup;
			children = (
				721B9A9D214AA5C4009D0075 /* Base */,
			);
			name = Main.storyboard;
			sourceTree = "<group>";
		};
		721B9AA1214AA5C5009D0075 /* LaunchScreen.storyboard */ = {
			isa = PBXVariantGroup;
			children = (
				721B9AA2214AA5C5009D0075 /* Base */,
			);
			name = LaunchScreen.storyboard;
			sourceTree = "<group>";
		};
/* End PBXVariantGroup section */

/* Begin XCBuildConfiguration section */
		721B9AA5214AA5C5009D0075 /* Debug */ = {
			isa = XCBuildConfiguration;
			buildSettings = {
				ALWAYS_SEARCH_USER_PATHS = NO;
				CLANG_ANALYZER_NONNULL = YES;
				CLANG_ANALYZER_NUMBER_OBJECT_CONVERSION = YES_AGGRESSIVE;
				CLANG_CXX_LANGUAGE_STANDARD = "gnu++14";
				CLANG_CXX_LIBRARY = "libc++";
				CLANG_ENABLE_MODULES = YES;
				CLANG_ENABLE_OBJC_ARC = YES;
				CLANG_ENABLE_OBJC_WEAK = YES;
				CLANG_WARN_BLOCK_CAPTURE_AUTORELEASING = YES;
				CLANG_WARN_BOOL_CONVERSION = YES;
				CLANG_WARN_COMMA = YES;
				CLANG_WARN_CONSTANT_CONVERSION = YES;
				CLANG_WARN_DEPRECATED_OBJC_IMPLEMENTATIONS = YES;
				CLANG_WARN_DIRECT_OBJC_ISA_USAGE = YES_ERROR;
				CLANG_WARN_DOCUMENTATION_COMMENTS = YES;
				CLANG_WARN_EMPTY_BODY = YES;
				CLANG_WARN_ENUM_CONVERSION = YES;
				CLANG_WARN_INFINITE_RECURSION = YES;
				CLANG_WARN_INT_CONVERSION = YES;
				CLANG_WARN_NON_LITERAL_NULL_CONVERSION = YES;
				CLANG_WARN_OBJC_IMPLICIT_RETAIN_SELF = YES;
				CLANG_WARN_OBJC_LITERAL_CONVERSION = YES;
				CLANG_WARN_OBJC_ROOT_CLASS = YES_ERROR;
				CLANG_WARN_RANGE_LOOP_ANALYSIS = YES;
				CLANG_WARN_STRICT_PROTOTYPES = YES;
				CLANG_WARN_SUSPICIOUS_MOVE = YES;
				CLANG_WARN_UNGUARDED_AVAILABILITY = YES_AGGRESSIVE;
				CLANG_WARN_UNREACHABLE_CODE = YES;
				CLANG_WARN__DUPLICATE_METHOD_MATCH = YES;
				CODE_SIGN_IDENTITY = "iPhone Developer";
				COPY_PHASE_STRIP = NO;
				DEBUG_INFORMATION_FORMAT = dwarf;
				ENABLE_STRICT_OBJC_MSGSEND = YES;
				ENABLE_TESTABILITY = YES;
				GCC_C_LANGUAGE_STANDARD = gnu11;
				GCC_DYNAMIC_NO_PIC = NO;
				GCC_NO_COMMON_BLOCKS = YES;
				GCC_OPTIMIZATION_LEVEL = 0;
				GCC_PREPROCESSOR_DEFINITIONS = (
					"DEBUG=1",
					"$(inherited)",
				);
				GCC_WARN_64_TO_32_BIT_CONVERSION = YES;
				GCC_WARN_ABOUT_RETURN_TYPE = YES_ERROR;
				GCC_WARN_UNDECLARED_SELECTOR = YES;
				GCC_WARN_UNINITIALIZED_AUTOS = YES_AGGRESSIVE;
				GCC_WARN_UNUSED_FUNCTION = YES;
				GCC_WARN_UNUSED_VARIABLE = YES;
				IPHONEOS_DEPLOYMENT_TARGET = 11.4;
				MTL_ENABLE_DEBUG_INFO = YES;
				ONLY_ACTIVE_ARCH = YES;
				SDKROOT = iphoneos;
				SWIFT_ACTIVE_COMPILATION_CONDITIONS = DEBUG;
				SWIFT_OPTIMIZATION_LEVEL = "-Onone";
			};
			name = Debug;
		};
		721B9AA6214AA5C5009D0075 /* Release */ = {
			isa = XCBuildConfiguration;
			buildSettings = {
				ALWAYS_SEARCH_USER_PATHS = NO;
				CLANG_ANALYZER_NONNULL = YES;
				CLANG_ANALYZER_NUMBER_OBJECT_CONVERSION = YES_AGGRESSIVE;
				CLANG_CXX_LANGUAGE_STANDARD = "gnu++14";
				CLANG_CXX_LIBRARY = "libc++";
				CLANG_ENABLE_MODULES = YES;
				CLANG_ENABLE_OBJC_ARC = YES;
				CLANG_ENABLE_OBJC_WEAK = YES;
				CLANG_WARN_BLOCK_CAPTURE_AUTORELEASING = YES;
				CLANG_WARN_BOOL_CONVERSION = YES;
				CLANG_WARN_COMMA = YES;
				CLANG_WARN_CONSTANT_CONVERSION = YES;
				CLANG_WARN_DEPRECATED_OBJC_IMPLEMENTATIONS = YES;
				CLANG_WARN_DIRECT_OBJC_ISA_USAGE = YES_ERROR;
				CLANG_WARN_DOCUMENTATION_COMMENTS = YES;
				CLANG_WARN_EMPTY_BODY = YES;
				CLANG_WARN_ENUM_CONVERSION = YES;
				CLANG_WARN_INFINITE_RECURSION = YES;
				CLANG_WARN_INT_CONVERSION = YES;
				CLANG_WARN_NON_LITERAL_NULL_CONVERSION = YES;
				CLANG_WARN_OBJC_IMPLICIT_RETAIN_SELF = YES;
				CLANG_WARN_OBJC_LITERAL_CONVERSION = YES;
				CLANG_WARN_OBJC_ROOT_CLASS = YES_ERROR;
				CLANG_WARN_RANGE_LOOP_ANALYSIS = YES;
				CLANG_WARN_STRICT_PROTOTYPES = YES;
				CLANG_WARN_SUSPICIOUS_MOVE = YES;
				CLANG_WARN_UNGUARDED_AVAILABILITY = YES_AGGRESSIVE;
				CLANG_WARN_UNREACHABLE_CODE = YES;
				CLANG_WARN__DUPLICATE_METHOD_MATCH = YES;
				CODE_SIGN_IDENTITY = "iPhone Developer";
				COPY_PHASE_STRIP = NO;
				DEBUG_INFORMATION_FORMAT = "dwarf-with-dsym";
				ENABLE_NS_ASSERTIONS = NO;
				ENABLE_STRICT_OBJC_MSGSEND = YES;
				GCC_C_LANGUAGE_STANDARD = gnu11;
				GCC_NO_COMMON_BLOCKS = YES;
				GCC_WARN_64_TO_32_BIT_CONVERSION = YES;
				GCC_WARN_ABOUT_RETURN_TYPE = YES_ERROR;
				GCC_WARN_UNDECLARED_SELECTOR = YES;
				GCC_WARN_UNINITIALIZED_AUTOS = YES_AGGRESSIVE;
				GCC_WARN_UNUSED_FUNCTION = YES;
				GCC_WARN_UNUSED_VARIABLE = YES;
				IPHONEOS_DEPLOYMENT_TARGET = 11.4;
				MTL_ENABLE_DEBUG_INFO = NO;
				SDKROOT = iphoneos;
				SWIFT_COMPILATION_MODE = wholemodule;
				SWIFT_OPTIMIZATION_LEVEL = "-O";
				VALIDATE_PRODUCT = YES;
			};
			name = Release;
		};
		721B9AA8214AA5C5009D0075 /* Debug */ = {
			isa = XCBuildConfiguration;
			baseConfigurationReference = 902DD1641A8A0D1B7F7F1AC7 /* Pods-Safe-Heart.debug.xcconfig */;
			buildSettings = {
				ASSETCATALOG_COMPILER_APPICON_NAME = AppIcon;
				CODE_SIGN_STYLE = Automatic;
				INFOPLIST_FILE = "Safe-Heart/Info.plist";
				LD_RUNPATH_SEARCH_PATHS = (
					"$(inherited)",
					"@executable_path/Frameworks",
				);
				PRODUCT_BUNDLE_IDENTIFIER = "com.newton.Safe-Heart";
				PRODUCT_NAME = "$(TARGET_NAME)";
				SWIFT_VERSION = 4.0;
				TARGETED_DEVICE_FAMILY = "1,2";
			};
			name = Debug;
		};
		721B9AA9214AA5C5009D0075 /* Release */ = {
			isa = XCBuildConfiguration;
			baseConfigurationReference = C452A48207F6C5858E44B024 /* Pods-Safe-Heart.release.xcconfig */;
			buildSettings = {
				ASSETCATALOG_COMPILER_APPICON_NAME = AppIcon;
				CODE_SIGN_STYLE = Automatic;
				INFOPLIST_FILE = "Safe-Heart/Info.plist";
				LD_RUNPATH_SEARCH_PATHS = (
					"$(inherited)",
					"@executable_path/Frameworks",
				);
				PRODUCT_BUNDLE_IDENTIFIER = "com.newton.Safe-Heart";
				PRODUCT_NAME = "$(TARGET_NAME)";
				SWIFT_VERSION = 4.0;
				TARGETED_DEVICE_FAMILY = "1,2";
			};
			name = Release;
		};
/* End XCBuildConfiguration section */

/* Begin XCConfigurationList section */
		721B9A90214AA5C4009D0075 /* Build configuration list for PBXProject "Safe-Heart" */ = {
			isa = XCConfigurationList;
			buildConfigurations = (
				721B9AA5214AA5C5009D0075 /* Debug */,
				721B9AA6214AA5C5009D0075 /* Release */,
			);
			defaultConfigurationIsVisible = 0;
			defaultConfigurationName = Release;
		};
		721B9AA7214AA5C5009D0075 /* Build configuration list for PBXNativeTarget "Safe-Heart" */ = {
			isa = XCConfigurationList;
			buildConfigurations = (
				721B9AA8214AA5C5009D0075 /* Debug */,
				721B9AA9214AA5C5009D0075 /* Release */,
			);
			defaultConfigurationIsVisible = 0;
			defaultConfigurationName = Release;
		};
/* End XCConfigurationList section */
	};
	rootObject = 721B9A8D214AA5C4009D0075 /* Project object */;
}
